
Microsoft Visual Studio Solution File, Format Version 12.00
# Visual Studio 14
VisualStudioVersion = 14.0.23107.0
MinimumVisualStudioVersion = 10.0.40219.1
Project("{2150E333-8FDC-42A3-9474-1A3956D46DE8}") = "src", "src", "{1EA272B2-7E63-447F-B9E9-54B8AF4DF2E0}"
EndProject
Project("{2150E333-8FDC-42A3-9474-1A3956D46DE8}") = "Solution Items", "Solution Items", "{8CA2EAE0-92A3-49AC-A056-BFB7EEFE4D81}"
	ProjectSection(SolutionItems) = preProject
		global.json = global.json
	EndProjectSection
EndProject
Project("{8BB2217D-0F2D-49D1-97BC-3654ED321F3B}") = "RedisKiller", "src\RedisKiller\RedisKiller.xproj", "{BEA7A5C2-9260-4655-ADB7-B943827989D1}"
EndProject
Global
	GlobalSection(SolutionConfigurationPlatforms) = preSolution
		Debug|Any CPU = Debug|Any CPU
		Release|Any CPU = Release|Any CPU
	EndGlobalSection
	GlobalSection(ProjectConfigurationPlatforms) = postSolution
		{BEA7A5C2-9260-4655-ADB7-B943827989D1}.Debug|Any CPU.ActiveCfg = Debug|Any CPU
		{BEA7A5C2-9260-4655-ADB7-B943827989D1}.Debug|Any CPU.Build.0 = Debug|Any CPU
		{BEA7A5C2-9260-4655-ADB7-B943827989D1}.Release|Any CPU.ActiveCfg = Release|Any CPU
		{BEA7A5C2-9260-4655-ADB7-B943827989D1}.Release|Any CPU.Build.0 = Release|Any CPU
	EndGlobalSection
	GlobalSection(SolutionProperties) = preSolution
		HideSolutionNode = FALSE
	EndGlobalSection
	GlobalSection(NestedProjects) = preSolution
		{BEA7A5C2-9260-4655-ADB7-B943827989D1} = {1EA272B2-7E63-447F-B9E9-54B8AF4DF2E0}
	EndGlobalSection
EndGlobal
